
Microsoft Visual Studio Solution File, Format Version 12.00
# Visual Studio Version 17
VisualStudioVersion = 17.4.33205.214
MinimumVisualStudioVersion = 10.0.40219.1
Project("{9A19103F-16F7-4668-BE54-9A1E7A4F7556}") = "DERPWebsite", "Backend\DERPWebsite.csproj", "{12779CF0-E12D-4C20-8584-2AD0E06E8DD1}"
EndProject
Project("{9A19103F-16F7-4668-BE54-9A1E7A4F7556}") = "ConsolePatcher", "ConsolePatcher\ConsolePatcher.csproj", "{D2E2EF7C-4CB0-4800-93B8-9CBB6FE83648}"
EndProject
Project("{9A19103F-16F7-4668-BE54-9A1E7A4F7556}") = "NetStone", "NetStone\NetStone\NetStone.csproj", "{62C01B02-6A44-450C-9F81-3CC7B37EE6E2}"
EndProject
Project("{9A19103F-16F7-4668-BE54-9A1E7A4F7556}") = "TestingGround", "TestingGround\TestingGround.csproj", "{27772001-2795-42E4-AD66-99CD9BCF03A0}"
EndProject
Global
	GlobalSection(SolutionConfigurationPlatforms) = preSolution
		Debug|Any CPU = Debug|Any CPU
		Release|Any CPU = Release|Any CPU
	EndGlobalSection
	GlobalSection(ProjectConfigurationPlatforms) = postSolution
		{12779CF0-E12D-4C20-8584-2AD0E06E8DD1}.Debug|Any CPU.ActiveCfg = Debug|Any CPU
		{12779CF0-E12D-4C20-8584-2AD0E06E8DD1}.Debug|Any CPU.Build.0 = Debug|Any CPU
		{12779CF0-E12D-4C20-8584-2AD0E06E8DD1}.Release|Any CPU.ActiveCfg = Release|Any CPU
		{12779CF0-E12D-4C20-8584-2AD0E06E8DD1}.Release|Any CPU.Build.0 = Release|Any CPU
		{D2E2EF7C-4CB0-4800-93B8-9CBB6FE83648}.Debug|Any CPU.ActiveCfg = Debug|Any CPU
		{D2E2EF7C-4CB0-4800-93B8-9CBB6FE83648}.Debug|Any CPU.Build.0 = Debug|Any CPU
		{D2E2EF7C-4CB0-4800-93B8-9CBB6FE83648}.Release|Any CPU.ActiveCfg = Release|Any CPU
		{D2E2EF7C-4CB0-4800-93B8-9CBB6FE83648}.Release|Any CPU.Build.0 = Release|Any CPU
		{62C01B02-6A44-450C-9F81-3CC7B37EE6E2}.Debug|Any CPU.ActiveCfg = Debug|Any CPU
		{62C01B02-6A44-450C-9F81-3CC7B37EE6E2}.Debug|Any CPU.Build.0 = Debug|Any CPU
		{62C01B02-6A44-450C-9F81-3CC7B37EE6E2}.Release|Any CPU.ActiveCfg = Release|Any CPU
		{62C01B02-6A44-450C-9F81-3CC7B37EE6E2}.Release|Any CPU.Build.0 = Release|Any CPU
		{27772001-2795-42E4-AD66-99CD9BCF03A0}.Debug|Any CPU.ActiveCfg = Debug|Any CPU
		{27772001-2795-42E4-AD66-99CD9BCF03A0}.Debug|Any CPU.Build.0 = Debug|Any CPU
		{27772001-2795-42E4-AD66-99CD9BCF03A0}.Release|Any CPU.ActiveCfg = Release|Any CPU
		{27772001-2795-42E4-AD66-99CD9BCF03A0}.Release|Any CPU.Build.0 = Release|Any CPU
	EndGlobalSection
	GlobalSection(SolutionProperties) = preSolution
		HideSolutionNode = FALSE
	EndGlobalSection
	GlobalSection(ExtensibilityGlobals) = postSolution
		SolutionGuid = {95F78989-B174-4AA1-BD99-788ED184BD9E}
	EndGlobalSection
EndGlobal
